
Microsoft Visual Studio Solution File, Format Version 12.00
# Visual Studio Version 16
VisualStudioVersion = 16.0.30907.101
MinimumVisualStudioVersion = 10.0.40219.1
Project("{F184B08F-C81C-45F6-A57F-5ABD9991F28F}") = "Moose Monitoring Database Application", "Moose Monitoring Database Application\Moose Monitoring Database Application.vbproj", "{7F42BA86-06E2-4EF8-B783-89FF0003BB05}"
EndProject
Global
	GlobalSection(SolutionConfigurationPlatforms) = preSolution
		Debug|Any CPU = Debug|Any CPU
		Release|Any CPU = Release|Any CPU
	EndGlobalSection
	GlobalSection(ProjectConfigurationPlatforms) = postSolution
		{7F42BA86-06E2-4EF8-B783-89FF0003BB05}.Debug|Any CPU.ActiveCfg = Debug|Any CPU
		{7F42BA86-06E2-4EF8-B783-89FF0003BB05}.Debug|Any CPU.Build.0 = Debug|Any CPU
		{7F42BA86-06E2-4EF8-B783-89FF0003BB05}.Release|Any CPU.ActiveCfg = Release|Any CPU
		{7F42BA86-06E2-4EF8-B783-89FF0003BB05}.Release|Any CPU.Build.0 = Release|Any CPU
	EndGlobalSection
	GlobalSection(SolutionProperties) = preSolution
		HideSolutionNode = FALSE
	EndGlobalSection
	GlobalSection(ExtensibilityGlobals) = postSolution
		SolutionGuid = {F305DAFA-A8D9-420A-9484-01A8D04C5657}
	EndGlobalSection
EndGlobal
